{
  "pins" : [
    {
      "identity" : "kcnetwork",
      "kind" : "remoteSourceControl",
      "location" : "https://github.com/hrayatnia/KCNetwork",
      "state" : {
        "revision" : "8ef080ebef212560e776cea9f571c3f54c256d8b",
        "version" : "1.0.1"
      }
    },
    {
      "identity" : "kctestutil",
      "kind" : "remoteSourceControl",
      "location" : "https://github.com/hrayatnia/KCTestUtil",
      "state" : {
        "revision" : "1714bb6a3d01e9a8af2d3ad71d586e37234ed1be",
        "version" : "1.0.2"
      }
    }
  ],
  "version" : 2
}
