{
  "originHash" : "01c2f22292f202ab086bb5467ea66ee3841955bddeeafa3a43bc114ec58b45f5",
  "pins" : [
    {
      "identity" : "kctestutil",
      "kind" : "remoteSourceControl",
      "location" : "https://github.com/hrayatnia/KCTestUtil",
      "state" : {
        "revision" : "1714bb6a3d01e9a8af2d3ad71d586e37234ed1be",
        "version" : "1.0.2"
      }
    },
    {
      "identity" : "snetwork",
      "kind" : "remoteSourceControl",
      "location" : "https://github.com/hrayatnia/SNetwork",
      "state" : {
        "branch" : "develop",
        "revision" : "30c9a295862bc8f9a4f346d4de4e85b78b866bcb"
      }
    }
  ],
  "version" : 3
}
